// !$*UTF8*$!
{
	archiveVersion = 1;
	classes = {
	};
	objectVersion = 56;
	objects = {

/* Begin PBXBuildFile section */
		98AE45EC292D8769000551AB /* Crypto_ProjectApp.swift in Sources */ = {isa = PBXBuildFile; fileRef = 98AE45EB292D8769000551AB /* Crypto_ProjectApp.swift */; };
		98AE45EE292D8769000551AB /* ContentView.swift in Sources */ = {isa = PBXBuildFile; fileRef = 98AE45ED292D8769000551AB /* ContentView.swift */; };
		98AE45F0292D876B000551AB /* Assets.xcassets in Resources */ = {isa = PBXBuildFile; fileRef = 98AE45EF292D876B000551AB /* Assets.xcassets */; };
		98AE45F3292D876B000551AB /* Preview Assets.xcassets in Resources */ = {isa = PBXBuildFile; fileRef = 98AE45F2292D876B000551AB /* Preview Assets.xcassets */; };
		98AE45FD292D876C000551AB /* Crypto_ProjectTests.swift in Sources */ = {isa = PBXBuildFile; fileRef = 98AE45FC292D876C000551AB /* Crypto_ProjectTests.swift */; };
		98AE4607292D876C000551AB /* Crypto_ProjectUITests.swift in Sources */ = {isa = PBXBuildFile; fileRef = 98AE4606292D876C000551AB /* Crypto_ProjectUITests.swift */; };
		98AE4609292D876C000551AB /* Crypto_ProjectUITestsLaunchTests.swift in Sources */ = {isa = PBXBuildFile; fileRef = 98AE4608292D876C000551AB /* Crypto_ProjectUITestsLaunchTests.swift */; };
/* End PBXBuildFile section */

/* Begin PBXContainerItemProxy section */
		98AE45F9292D876C000551AB /* PBXContainerItemProxy */ = {
			isa = PBXContainerItemProxy;
			containerPortal = 98AE45E0292D8769000551AB /* Project object */;
			proxyType = 1;
			remoteGlobalIDString = 98AE45E7292D8769000551AB;
			remoteInfo = Crypto_Project;
		};
		98AE4603292D876C000551AB /* PBXContainerItemProxy */ = {
			isa = PBXContainerItemProxy;
			containerPortal = 98AE45E0292D8769000551AB /* Project object */;
			proxyType = 1;
			remoteGlobalIDString = 98AE45E7292D8769000551AB;
			remoteInfo = Crypto_Project;
		};
/* End PBXContainerItemProxy section */

/* Begin PBXFileReference section */
		98AE45E8292D8769000551AB /* Crypto_Project.app */ = {isa = PBXFileReference; explicitFileType = wrapper.application; includeInIndex = 0; path = Crypto_Project.app; sourceTree = BUILT_PRODUCTS_DIR; };
		98AE45EB292D8769000551AB /* Crypto_ProjectApp.swift */ = {isa = PBXFileReference; lastKnownFileType = sourcecode.swift; path = Crypto_ProjectApp.swift; sourceTree = "<group>"; };
		98AE45ED292D8769000551AB /* ContentView.swift */ = {isa = PBXFileReference; lastKnownFileType = sourcecode.swift; path = ContentView.swift; sourceTree = "<group>"; };
		98AE45EF292D876B000551AB /* Assets.xcassets */ = {isa = PBXFileReference; lastKnownFileType = folder.assetcatalog; path = Assets.xcassets; sourceTree = "<group>"; };
		98AE45F2292D876B000551AB /* Preview Assets.xcassets */ = {isa = PBXFileReference; lastKnownFileType = folder.assetcatalog; path = "Preview Assets.xcassets"; sourceTree = "<group>"; };
		98AE45F8292D876C000551AB /* Crypto_ProjectTests.xctest */ = {isa = PBXFileReference; explicitFileType = wrapper.cfbundle; includeInIndex = 0; path = Crypto_ProjectTests.xctest; sourceTree = BUILT_PRODUCTS_DIR; };
		98AE45FC292D876C000551AB /* Crypto_ProjectTests.swift */ = {isa = PBXFileReference; lastKnownFileType = sourcecode.swift; path = Crypto_ProjectTests.swift; sourceTree = "<group>"; };
		98AE4602292D876C000551AB /* Crypto_ProjectUITests.xctest */ = {isa = PBXFileReference; explicitFileType = wrapper.cfbundle; includeInIndex = 0; path = Crypto_ProjectUITests.xctest; sourceTree = BUILT_PRODUCTS_DIR; };
		98AE4606292D876C000551AB /* Crypto_ProjectUITests.swift */ = {isa = PBXFileReference; lastKnownFileType = sourcecode.swift; path = Crypto_ProjectUITests.swift; sourceTree = "<group>"; };
		98AE4608292D876C000551AB /* Crypto_ProjectUITestsLaunchTests.swift */ = {isa = PBXFileReference; lastKnownFileType = sourcecode.swift; path = Crypto_ProjectUITestsLaunchTests.swift; sourceTree = "<group>"; };
/* End PBXFileReference section */

/* Begin PBXFrameworksBuildPhase section */
		98AE45E5292D8769000551AB /* Frameworks */ = {
			isa = PBXFrameworksBuildPhase;
			buildActionMask = 2147483647;
			files = (
			);
			runOnlyForDeploymentPostprocessing = 0;
		};
		98AE45F5292D876C000551AB /* Frameworks */ = {
			isa = PBXFrameworksBuildPhase;
			buildActionMask = 2147483647;
			files = (
			);
			runOnlyForDeploymentPostprocessing = 0;
		};
		98AE45FF292D876C000551AB /* Frameworks */ = {
			isa = PBXFrameworksBuildPhase;
			buildActionMask = 2147483647;
			files = (
			);
			runOnlyForDeploymentPostprocessing = 0;
		};
/* End PBXFrameworksBuildPhase section */

/* Begin PBXGroup section */
		98AE45DF292D8769000551AB = {
			isa = PBXGroup;
			children = (
				98AE45EA292D8769000551AB /* Crypto_Project */,
				98AE45FB292D876C000551AB /* Crypto_ProjectTests */,
				98AE4605292D876C000551AB /* Crypto_ProjectUITests */,
				98AE45E9292D8769000551AB /* Products */,
			);
			sourceTree = "<group>";
		};
		98AE45E9292D8769000551AB /* Products */ = {
			isa = PBXGroup;
			children = (
				98AE45E8292D8769000551AB /* Crypto_Project.app */,
				98AE45F8292D876C000551AB /* Crypto_ProjectTests.xctest */,
				98AE4602292D876C000551AB /* Crypto_ProjectUITests.xctest */,
			);
			name = Products;
			sourceTree = "<group>";
		};
		98AE45EA292D8769000551AB /* Crypto_Project */ = {
			isa = PBXGroup;
			children = (
				98AE45EB292D8769000551AB /* Crypto_ProjectApp.swift */,
				98AE45ED292D8769000551AB /* ContentView.swift */,
				98AE45EF292D876B000551AB /* Assets.xcassets */,
				98AE45F1292D876B000551AB /* Preview Content */,
			);
			path = Crypto_Project;
			sourceTree = "<group>";
		};
		98AE45F1292D876B000551AB /* Preview Content */ = {
			isa = PBXGroup;
			children = (
				98AE45F2292D876B000551AB /* Preview Assets.xcassets */,
			);
			path = "Preview Content";
			sourceTree = "<group>";
		};
		98AE45FB292D876C000551AB /* Crypto_ProjectTests */ = {
			isa = PBXGroup;
			children = (
				98AE45FC292D876C000551AB /* Crypto_ProjectTests.swift */,
			);
			path = Crypto_ProjectTests;
			sourceTree = "<group>";
		};
		98AE4605292D876C000551AB /* Crypto_ProjectUITests */ = {
			isa = PBXGroup;
			children = (
				98AE4606292D876C000551AB /* Crypto_ProjectUITests.swift */,
				98AE4608292D876C000551AB /* Crypto_ProjectUITestsLaunchTests.swift */,
			);
			path = Crypto_ProjectUITests;
			sourceTree = "<group>";
		};
/* End PBXGroup section */

/* Begin PBXNativeTarget section */
		98AE45E7292D8769000551AB /* Crypto_Project */ = {
			isa = PBXNativeTarget;
			buildConfigurationList = 98AE460C292D876C000551AB /* Build configuration list for PBXNativeTarget "Crypto_Project" */;
			buildPhases = (
				98AE45E4292D8769000551AB /* Sources */,
				98AE45E5292D8769000551AB /* Frameworks */,
				98AE45E6292D8769000551AB /* Resources */,
			);
			buildRules = (
			);
			dependencies = (
			);
			name = Crypto_Project;
			productName = Crypto_Project;
			productReference = 98AE45E8292D8769000551AB /* Crypto_Project.app */;
			productType = "com.apple.product-type.application";
		};
		98AE45F7292D876C000551AB /* Crypto_ProjectTests */ = {
			isa = PBXNativeTarget;
			buildConfigurationList = 98AE460F292D876C000551AB /* Build configuration list for PBXNativeTarget "Crypto_ProjectTests" */;
			buildPhases = (
				98AE45F4292D876C000551AB /* Sources */,
				98AE45F5292D876C000551AB /* Frameworks */,
				98AE45F6292D876C000551AB /* Resources */,
			);
			buildRules = (
			);
			dependencies = (
				98AE45FA292D876C000551AB /* PBXTargetDependency */,
			);
			name = Crypto_ProjectTests;
			productName = Crypto_ProjectTests;
			productReference = 98AE45F8292D876C000551AB /* Crypto_ProjectTests.xctest */;
			productType = "com.apple.product-type.bundle.unit-test";
		};
		98AE4601292D876C000551AB /* Crypto_ProjectUITests */ = {
			isa = PBXNativeTarget;
			buildConfigurationList = 98AE4612292D876C000551AB /* Build configuration list for PBXNativeTarget "Crypto_ProjectUITests" */;
			buildPhases = (
				98AE45FE292D876C000551AB /* Sources */,
				98AE45FF292D876C000551AB /* Frameworks */,
				98AE4600292D876C000551AB /* Resources */,
			);
			buildRules = (
			);
			dependencies = (
				98AE4604292D876C000551AB /* PBXTargetDependency */,
			);
			name = Crypto_ProjectUITests;
			productName = Crypto_ProjectUITests;
			productReference = 98AE4602292D876C000551AB /* Crypto_ProjectUITests.xctest */;
			productType = "com.apple.product-type.bundle.ui-testing";
		};
/* End PBXNativeTarget section */

/* Begin PBXProject section */
		98AE45E0292D8769000551AB /* Project object */ = {
			isa = PBXProject;
			attributes = {
				BuildIndependentTargetsInParallel = 1;
				LastSwiftUpdateCheck = 1400;
				LastUpgradeCheck = 1400;
				TargetAttributes = {
					98AE45E7292D8769000551AB = {
						CreatedOnToolsVersion = 14.0.1;
					};
					98AE45F7292D876C000551AB = {
						CreatedOnToolsVersion = 14.0.1;
						TestTargetID = 98AE45E7292D8769000551AB;
					};
					98AE4601292D876C000551AB = {
						CreatedOnToolsVersion = 14.0.1;
						TestTargetID = 98AE45E7292D8769000551AB;
					};
				};
			};
			buildConfigurationList = 98AE45E3292D8769000551AB /* Build configuration list for PBXProject "Crypto_Project" */;
			compatibilityVersion = "Xcode 14.0";
			developmentRegion = en;
			hasScannedForEncodings = 0;
			knownRegions = (
				en,
				Base,
			);
			mainGroup = 98AE45DF292D8769000551AB;
			productRefGroup = 98AE45E9292D8769000551AB /* Products */;
			projectDirPath = "";
			projectRoot = "";
			targets = (
				98AE45E7292D8769000551AB /* Crypto_Project */,
				98AE45F7292D876C000551AB /* Crypto_ProjectTests */,
				98AE4601292D876C000551AB /* Crypto_ProjectUITests */,
			);
		};
/* End PBXProject section */

/* Begin PBXResourcesBuildPhase section */
		98AE45E6292D8769000551AB /* Resources */ = {
			isa = PBXResourcesBuildPhase;
			buildActionMask = 2147483647;
			files = (
				98AE45F3292D876B000551AB /* Preview Assets.xcassets in Resources */,
				98AE45F0292D876B000551AB /* Assets.xcassets in Resources */,
			);
			runOnlyForDeploymentPostprocessing = 0;
		};
		98AE45F6292D876C000551AB /* Resources */ = {
			isa = PBXResourcesBuildPhase;
			buildActionMask = 2147483647;
			files = (
			);
			runOnlyForDeploymentPostprocessing = 0;
		};
		98AE4600292D876C000551AB /* Resources */ = {
			isa = PBXResourcesBuildPhase;
			buildActionMask = 2147483647;
			files = (
			);
			runOnlyForDeploymentPostprocessing = 0;
		};
/* End PBXResourcesBuildPhase section */

/* Begin PBXSourcesBuildPhase section */
		98AE45E4292D8769000551AB /* Sources */ = {
			isa = PBXSourcesBuildPhase;
			buildActionMask = 2147483647;
			files = (
				98AE45EE292D8769000551AB /* ContentView.swift in Sources */,
				98AE45EC292D8769000551AB /* Crypto_ProjectApp.swift in Sources */,
			);
			runOnlyForDeploymentPostprocessing = 0;
		};
		98AE45F4292D876C000551AB /* Sources */ = {
			isa = PBXSourcesBuildPhase;
			buildActionMask = 2147483647;
			files = (
				98AE45FD292D876C000551AB /* Crypto_ProjectTests.swift in Sources */,
			);
			runOnlyForDeploymentPostprocessing = 0;
		};
		98AE45FE292D876C000551AB /* Sources */ = {
			isa = PBXSourcesBuildPhase;
			buildActionMask = 2147483647;
			files = (
				98AE4607292D876C000551AB /* Crypto_ProjectUITests.swift in Sources */,
				98AE4609292D876C000551AB /* Crypto_ProjectUITestsLaunchTests.swift in Sources */,
			);
			runOnlyForDeploymentPostprocessing = 0;
		};
/* End PBXSourcesBuildPhase section */

/* Begin PBXTargetDependency section */
		98AE45FA292D876C000551AB /* PBXTargetDependency */ = {
			isa = PBXTargetDependency;
			target = 98AE45E7292D8769000551AB /* Crypto_Project */;
			targetProxy = 98AE45F9292D876C000551AB /* PBXContainerItemProxy */;
		};
		98AE4604292D876C000551AB /* PBXTargetDependency */ = {
			isa = PBXTargetDependency;
			target = 98AE45E7292D8769000551AB /* Crypto_Project */;
			targetProxy = 98AE4603292D876C000551AB /* PBXContainerItemProxy */;
		};
/* End PBXTargetDependency section */

/* Begin XCBuildConfiguration section */
		98AE460A292D876C000551AB /* Debug */ = {
			isa = XCBuildConfiguration;
			buildSettings = {
				ALWAYS_SEARCH_USER_PATHS = NO;
				CLANG_ANALYZER_NONNULL = YES;
				CLANG_ANALYZER_NUMBER_OBJECT_CONVERSION = YES_AGGRESSIVE;
				CLANG_CXX_LANGUAGE_STANDARD = "gnu++20";
				CLANG_ENABLE_MODULES = YES;
				CLANG_ENABLE_OBJC_ARC = YES;
				CLANG_ENABLE_OBJC_WEAK = YES;
				CLANG_WARN_BLOCK_CAPTURE_AUTORELEASING = YES;
				CLANG_WARN_BOOL_CONVERSION = YES;
				CLANG_WARN_COMMA = YES;
				CLANG_WARN_CONSTANT_CONVERSION = YES;
				CLANG_WARN_DEPRECATED_OBJC_IMPLEMENTATIONS = YES;
				CLANG_WARN_DIRECT_OBJC_ISA_USAGE = YES_ERROR;
				CLANG_WARN_DOCUMENTATION_COMMENTS = YES;
				CLANG_WARN_EMPTY_BODY = YES;
				CLANG_WARN_ENUM_CONVERSION = YES;
				CLANG_WARN_INFINITE_RECURSION = YES;
				CLANG_WARN_INT_CONVERSION = YES;
				CLANG_WARN_NON_LITERAL_NULL_CONVERSION = YES;
				CLANG_WARN_OBJC_IMPLICIT_RETAIN_SELF = YES;
				CLANG_WARN_OBJC_LITERAL_CONVERSION = YES;
				CLANG_WARN_OBJC_ROOT_CLASS = YES_ERROR;
				CLANG_WARN_QUOTED_INCLUDE_IN_FRAMEWORK_HEADER = YES;
				CLANG_WARN_RANGE_LOOP_ANALYSIS = YES;
				CLANG_WARN_STRICT_PROTOTYPES = YES;
				CLANG_WARN_SUSPICIOUS_MOVE = YES;
				CLANG_WARN_UNGUARDED_AVAILABILITY = YES_AGGRESSIVE;
				CLANG_WARN_UNREACHABLE_CODE = YES;
				CLANG_WARN__DUPLICATE_METHOD_MATCH = YES;
				COPY_PHASE_STRIP = NO;
				DEBUG_INFORMATION_FORMAT = dwarf;
				ENABLE_STRICT_OBJC_MSGSEND = YES;
				ENABLE_TESTABILITY = YES;
				GCC_C_LANGUAGE_STANDARD = gnu11;
				GCC_DYNAMIC_NO_PIC = NO;
				GCC_NO_COMMON_BLOCKS = YES;
				GCC_OPTIMIZATION_LEVEL = 0;
				GCC_PREPROCESSOR_DEFINITIONS = (
					"DEBUG=1",
					"$(inherited)",
				);
				GCC_WARN_64_TO_32_BIT_CONVERSION = YES;
				GCC_WARN_ABOUT_RETURN_TYPE = YES_ERROR;
				GCC_WARN_UNDECLARED_SELECTOR = YES;
				GCC_WARN_UNINITIALIZED_AUTOS = YES_AGGRESSIVE;
				GCC_WARN_UNUSED_FUNCTION = YES;
				GCC_WARN_UNUSED_VARIABLE = YES;
				IPHONEOS_DEPLOYMENT_TARGET = 16.0;
				MTL_ENABLE_DEBUG_INFO = INCLUDE_SOURCE;
				MTL_FAST_MATH = YES;
				ONLY_ACTIVE_ARCH = YES;
				SDKROOT = iphoneos;
				SWIFT_ACTIVE_COMPILATION_CONDITIONS = DEBUG;
				SWIFT_OPTIMIZATION_LEVEL = "-Onone";
			};
			name = Debug;
		};
		98AE460B292D876C000551AB /* Release */ = {
			isa = XCBuildConfiguration;
			buildSettings = {
				ALWAYS_SEARCH_USER_PATHS = NO;
				CLANG_ANALYZER_NONNULL = YES;
				CLANG_ANALYZER_NUMBER_OBJECT_CONVERSION = YES_AGGRESSIVE;
				CLANG_CXX_LANGUAGE_STANDARD = "gnu++20";
				CLANG_ENABLE_MODULES = YES;
				CLANG_ENABLE_OBJC_ARC = YES;
				CLANG_ENABLE_OBJC_WEAK = YES;
				CLANG_WARN_BLOCK_CAPTURE_AUTORELEASING = YES;
				CLANG_WARN_BOOL_CONVERSION = YES;
				CLANG_WARN_COMMA = YES;
				CLANG_WARN_CONSTANT_CONVERSION = YES;
				CLANG_WARN_DEPRECATED_OBJC_IMPLEMENTATIONS = YES;
				CLANG_WARN_DIRECT_OBJC_ISA_USAGE = YES_ERROR;
				CLANG_WARN_DOCUMENTATION_COMMENTS = YES;
				CLANG_WARN_EMPTY_BODY = YES;
				CLANG_WARN_ENUM_CONVERSION = YES;
				CLANG_WARN_INFINITE_RECURSION = YES;
				CLANG_WARN_INT_CONVERSION = YES;
				CLANG_WARN_NON_LITERAL_NULL_CONVERSION = YES;
				CLANG_WARN_OBJC_IMPLICIT_RETAIN_SELF = YES;
				CLANG_WARN_OBJC_LITERAL_CONVERSION = YES;
				CLANG_WARN_OBJC_ROOT_CLASS = YES_ERROR;
				CLANG_WARN_QUOTED_INCLUDE_IN_FRAMEWORK_HEADER = YES;
				CLANG_WARN_RANGE_LOOP_ANALYSIS = YES;
				CLANG_WARN_STRICT_PROTOTYPES = YES;
				CLANG_WARN_SUSPICIOUS_MOVE = YES;
				CLANG_WARN_UNGUARDED_AVAILABILITY = YES_AGGRESSIVE;
				CLANG_WARN_UNREACHABLE_CODE = YES;
				CLANG_WARN__DUPLICATE_METHOD_MATCH = YES;
				COPY_PHASE_STRIP = NO;
				DEBUG_INFORMATION_FORMAT = "dwarf-with-dsym";
				ENABLE_NS_ASSERTIONS = NO;
				ENABLE_STRICT_OBJC_MSGSEND = YES;
				GCC_C_LANGUAGE_STANDARD = gnu11;
				GCC_NO_COMMON_BLOCKS = YES;
				GCC_WARN_64_TO_32_BIT_CONVERSION = YES;
				GCC_WARN_ABOUT_RETURN_TYPE = YES_ERROR;
				GCC_WARN_UNDECLARED_SELECTOR = YES;
				GCC_WARN_UNINITIALIZED_AUTOS = YES_AGGRESSIVE;
				GCC_WARN_UNUSED_FUNCTION = YES;
				GCC_WARN_UNUSED_VARIABLE = YES;
				IPHONEOS_DEPLOYMENT_TARGET = 16.0;
				MTL_ENABLE_DEBUG_INFO = NO;
				MTL_FAST_MATH = YES;
				SDKROOT = iphoneos;
				SWIFT_COMPILATION_MODE = wholemodule;
				SWIFT_OPTIMIZATION_LEVEL = "-O";
				VALIDATE_PRODUCT = YES;
			};
			name = Release;
		};
		98AE460D292D876C000551AB /* Debug */ = {
			isa = XCBuildConfiguration;
			buildSettings = {
				ASSETCATALOG_COMPILER_APPICON_NAME = AppIcon;
				ASSETCATALOG_COMPILER_GLOBAL_ACCENT_COLOR_NAME = AccentColor;
				CODE_SIGN_STYLE = Automatic;
				CURRENT_PROJECT_VERSION = 1;
				DEVELOPMENT_ASSET_PATHS = "\"Crypto_Project/Preview Content\"";
				ENABLE_PREVIEWS = YES;
				GENERATE_INFOPLIST_FILE = YES;
				INFOPLIST_KEY_UIApplicationSceneManifest_Generation = YES;
				INFOPLIST_KEY_UIApplicationSupportsIndirectInputEvents = YES;
				INFOPLIST_KEY_UILaunchScreen_Generation = YES;
				INFOPLIST_KEY_UISupportedInterfaceOrientations_iPad = "UIInterfaceOrientationPortrait UIInterfaceOrientationPortraitUpsideDown UIInterfaceOrientationLandscapeLeft UIInterfaceOrientationLandscapeRight";
				INFOPLIST_KEY_UISupportedInterfaceOrientations_iPhone = "UIInterfaceOrientationPortrait UIInterfaceOrientationLandscapeLeft UIInterfaceOrientationLandscapeRight";
				LD_RUNPATH_SEARCH_PATHS = (
					"$(inherited)",
					"@executable_path/Frameworks",
				);
				MARKETING_VERSION = 1.0;
				PRODUCT_BUNDLE_IDENTIFIER = "Swift.Crypto-Project";
				PRODUCT_NAME = "$(TARGET_NAME)";
				SWIFT_EMIT_LOC_STRINGS = YES;
				SWIFT_VERSION = 5.0;
				TARGETED_DEVICE_FAMILY = "1,2";
			};
			name = Debug;
		};
		98AE460E292D876C000551AB /* Release */ = {
			isa = XCBuildConfiguration;
			buildSettings = {
				ASSETCATALOG_COMPILER_APPICON_NAME = AppIcon;
				ASSETCATALOG_COMPILER_GLOBAL_ACCENT_COLOR_NAME = AccentColor;
				CODE_SIGN_STYLE = Automatic;
				CURRENT_PROJECT_VERSION = 1;
				DEVELOPMENT_ASSET_PATHS = "\"Crypto_Project/Preview Content\"";
				ENABLE_PREVIEWS = YES;
				GENERATE_INFOPLIST_FILE = YES;
				INFOPLIST_KEY_UIApplicationSceneManifest_Generation = YES;
				INFOPLIST_KEY_UIApplicationSupportsIndirectInputEvents = YES;
				INFOPLIST_KEY_UILaunchScreen_Generation = YES;
				INFOPLIST_KEY_UISupportedInterfaceOrientations_iPad = "UIInterfaceOrientationPortrait UIInterfaceOrientationPortraitUpsideDown UIInterfaceOrientationLandscapeLeft UIInterfaceOrientationLandscapeRight";
				INFOPLIST_KEY_UISupportedInterfaceOrientations_iPhone = "UIInterfaceOrientationPortrait UIInterfaceOrientationLandscapeLeft UIInterfaceOrientationLandscapeRight";
				LD_RUNPATH_SEARCH_PATHS = (
					"$(inherited)",
					"@executable_path/Frameworks",
				);
				MARKETING_VERSION = 1.0;
				PRODUCT_BUNDLE_IDENTIFIER = "Swift.Crypto-Project";
				PRODUCT_NAME = "$(TARGET_NAME)";
				SWIFT_EMIT_LOC_STRINGS = YES;
				SWIFT_VERSION = 5.0;
				TARGETED_DEVICE_FAMILY = "1,2";
			};
			name = Release;
		};
		98AE4610292D876C000551AB /* Debug */ = {
			isa = XCBuildConfiguration;
			buildSettings = {
				ALWAYS_EMBED_SWIFT_STANDARD_LIBRARIES = YES;
				BUNDLE_LOADER = "$(TEST_HOST)";
				CODE_SIGN_STYLE = Automatic;
				CURRENT_PROJECT_VERSION = 1;
				GENERATE_INFOPLIST_FILE = YES;
				IPHONEOS_DEPLOYMENT_TARGET = 16.0;
				MARKETING_VERSION = 1.0;
				PRODUCT_BUNDLE_IDENTIFIER = "Swift.Crypto-ProjectTests";
				PRODUCT_NAME = "$(TARGET_NAME)";
				SWIFT_EMIT_LOC_STRINGS = NO;
				SWIFT_VERSION = 5.0;
				TARGETED_DEVICE_FAMILY = "1,2";
				TEST_HOST = "$(BUILT_PRODUCTS_DIR)/Crypto_Project.app/$(BUNDLE_EXECUTABLE_FOLDER_PATH)/Crypto_Project";
			};
			name = Debug;
		};
		98AE4611292D876C000551AB /* Release */ = {
			isa = XCBuildConfiguration;
			buildSettings = {
				ALWAYS_EMBED_SWIFT_STANDARD_LIBRARIES = YES;
				BUNDLE_LOADER = "$(TEST_HOST)";
				CODE_SIGN_STYLE = Automatic;
				CURRENT_PROJECT_VERSION = 1;
				GENERATE_INFOPLIST_FILE = YES;
				IPHONEOS_DEPLOYMENT_TARGET = 16.0;
				MARKETING_VERSION = 1.0;
				PRODUCT_BUNDLE_IDENTIFIER = "Swift.Crypto-ProjectTests";
				PRODUCT_NAME = "$(TARGET_NAME)";
				SWIFT_EMIT_LOC_STRINGS = NO;
				SWIFT_VERSION = 5.0;
				TARGETED_DEVICE_FAMILY = "1,2";
				TEST_HOST = "$(BUILT_PRODUCTS_DIR)/Crypto_Project.app/$(BUNDLE_EXECUTABLE_FOLDER_PATH)/Crypto_Project";
			};
			name = Release;
		};
		98AE4613292D876C000551AB /* Debug */ = {
			isa = XCBuildConfiguration;
			buildSettings = {
				ALWAYS_EMBED_SWIFT_STANDARD_LIBRARIES = YES;
				CODE_SIGN_STYLE = Automatic;
				CURRENT_PROJECT_VERSION = 1;
				GENERATE_INFOPLIST_FILE = YES;
				MARKETING_VERSION = 1.0;
				PRODUCT_BUNDLE_IDENTIFIER = "Swift.Crypto-ProjectUITests";
				PRODUCT_NAME = "$(TARGET_NAME)";
				SWIFT_EMIT_LOC_STRINGS = NO;
				SWIFT_VERSION = 5.0;
				TARGETED_DEVICE_FAMILY = "1,2";
				TEST_TARGET_NAME = Crypto_Project;
			};
			name = Debug;
		};
		98AE4614292D876C000551AB /* Release */ = {
			isa = XCBuildConfiguration;
			buildSettings = {
				ALWAYS_EMBED_SWIFT_STANDARD_LIBRARIES = YES;
				CODE_SIGN_STYLE = Automatic;
				CURRENT_PROJECT_VERSION = 1;
				GENERATE_INFOPLIST_FILE = YES;
				MARKETING_VERSION = 1.0;
				PRODUCT_BUNDLE_IDENTIFIER = "Swift.Crypto-ProjectUITests";
				PRODUCT_NAME = "$(TARGET_NAME)";
				SWIFT_EMIT_LOC_STRINGS = NO;
				SWIFT_VERSION = 5.0;
				TARGETED_DEVICE_FAMILY = "1,2";
				TEST_TARGET_NAME = Crypto_Project;
			};
			name = Release;
		};
/* End XCBuildConfiguration section */

/* Begin XCConfigurationList section */
		98AE45E3292D8769000551AB /* Build configuration list for PBXProject "Crypto_Project" */ = {
			isa = XCConfigurationList;
			buildConfigurations = (
				98AE460A292D876C000551AB /* Debug */,
				98AE460B292D876C000551AB /* Release */,
			);
			defaultConfigurationIsVisible = 0;
			defaultConfigurationName = Release;
		};
		98AE460C292D876C000551AB /* Build configuration list for PBXNativeTarget "Crypto_Project" */ = {
			isa = XCConfigurationList;
			buildConfigurations = (
				98AE460D292D876C000551AB /* Debug */,
				98AE460E292D876C000551AB /* Release */,
			);
			defaultConfigurationIsVisible = 0;
			defaultConfigurationName = Release;
		};
		98AE460F292D876C000551AB /* Build configuration list for PBXNativeTarget "Crypto_ProjectTests" */ = {
			isa = XCConfigurationList;
			buildConfigurations = (
				98AE4610292D876C000551AB /* Debug */,
				98AE4611292D876C000551AB /* Release */,
			);
			defaultConfigurationIsVisible = 0;
			defaultConfigurationName = Release;
		};
		98AE4612292D876C000551AB /* Build configuration list for PBXNativeTarget "Crypto_ProjectUITests" */ = {
			isa = XCConfigurationList;
			buildConfigurations = (
				98AE4613292D876C000551AB /* Debug */,
				98AE4614292D876C000551AB /* Release */,
			);
			defaultConfigurationIsVisible = 0;
			defaultConfigurationName = Release;
		};
/* End XCConfigurationList section */
	};
	rootObject = 98AE45E0292D8769000551AB /* Project object */;
}
